{
  "name": "c2c",
  "version": "0.1.1",
  "dependencies": {
    "async": {
      "version": "1.5.0",
      "from": "async@",
      "resolved": "https://registry.npmjs.org/async/-/async-1.5.0.tgz"
    },
    "lodash": {
      "version": "3.10.1",
      "from": "lodash@",
      "resolved": "https://registry.npmjs.org/lodash/-/lodash-3.10.1.tgz"
    },
    "nomnom": {
      "version": "1.8.1",
      "from": "nomnom@",
      "resolved": "https://registry.npmjs.org/nomnom/-/nomnom-1.8.1.tgz",
      "dependencies": {
        "underscore": {
          "version": "1.6.0",
          "from": "underscore@~1.6.0",
          "resolved": "https://registry.npmjs.org/underscore/-/underscore-1.6.0.tgz"
        },
        "chalk": {
          "version": "0.4.0",
          "from": "chalk@~0.4.0",
          "resolved": "https://registry.npmjs.org/chalk/-/chalk-0.4.0.tgz",
          "dependencies": {
            "has-color": {
              "version": "0.1.7",
              "from": "has-color@~0.1.0",
              "resolved": "https://registry.npmjs.org/has-color/-/has-color-0.1.7.tgz"
            },
            "ansi-styles": {
              "version": "1.0.0",
              "from": "ansi-styles@~1.0.0",
              "resolved": "https://registry.npmjs.org/ansi-styles/-/ansi-styles-1.0.0.tgz"
            },
            "strip-ansi": {
              "version": "0.1.1",
              "from": "strip-ansi@~0.1.0",
              "resolved": "https://registry.npmjs.org/strip-ansi/-/strip-ansi-0.1.1.tgz"
            }
          }
        }
      }
    },
    "yamljs": {
      "version": "0.2.4",
      "from": "yamljs@",
      "resolved": "https://registry.npmjs.org/yamljs/-/yamljs-0.2.4.tgz",
      "dependencies": {
        "argparse": {
          "version": "0.1.16",
          "from": "argparse@^0.1.15",
          "resolved": "https://registry.npmjs.org/argparse/-/argparse-0.1.16.tgz",
          "dependencies": {
            "underscore": {
              "version": "1.7.0",
              "from": "underscore@~1.7.0",
              "resolved": "https://registry.npmjs.org/underscore/-/underscore-1.7.0.tgz"
            },
            "underscore.string": {
              "version": "2.4.0",
              "from": "underscore.string@~2.4.0",
              "resolved": "https://registry.npmjs.org/underscore.string/-/underscore.string-2.4.0.tgz"
            }
          }
        },
        "glob": {
          "version": "4.5.3",
          "from": "glob@^4.0.0",
          "resolved": "https://registry.npmjs.org/glob/-/glob-4.5.3.tgz",
          "dependencies": {
            "inflight": {
              "version": "1.0.4",
              "from": "inflight@^1.0.4",
              "resolved": "https://registry.npmjs.org/inflight/-/inflight-1.0.4.tgz",
              "dependencies": {
                "wrappy": {
                  "version": "1.0.1",
                  "from": "wrappy@1",
                  "resolved": "https://registry.npmjs.org/wrappy/-/wrappy-1.0.1.tgz"
                }
              }
            },
            "inherits": {
              "version": "2.0.1",
              "from": "inherits@2",
              "resolved": "https://registry.npmjs.org/inherits/-/inherits-2.0.1.tgz"
            },
            "minimatch": {
              "version": "2.0.10",
              "from": "minimatch@^2.0.1",
              "resolved": "https://registry.npmjs.org/minimatch/-/minimatch-2.0.10.tgz",
              "dependencies": {
                "brace-expansion": {
                  "version": "1.1.2",
                  "from": "brace-expansion@^1.0.0",
                  "resolved": "https://registry.npmjs.org/brace-expansion/-/brace-expansion-1.1.2.tgz",
                  "dependencies": {
                    "balanced-match": {
                      "version": "0.3.0",
                      "from": "balanced-match@^0.3.0",
                      "resolved": "https://registry.npmjs.org/balanced-match/-/balanced-match-0.3.0.tgz"
                    },
                    "concat-map": {
                      "version": "0.0.1",
                      "from": "concat-map@0.0.1",
                      "resolved": "https://registry.npmjs.org/concat-map/-/concat-map-0.0.1.tgz"
                    }
                  }
                }
              }
            },
            "once": {
              "version": "1.3.3",
              "from": "once@^1.3.0",
              "resolved": "https://registry.npmjs.org/once/-/once-1.3.3.tgz",
              "dependencies": {
                "wrappy": {
                  "version": "1.0.1",
                  "from": "wrappy@1",
                  "resolved": "https://registry.npmjs.org/wrappy/-/wrappy-1.0.1.tgz"
                }
              }
            }
          }
        }
      }
    }
  }
}
